{
  "name": "travis-cron-update-example",
  "version": "1.0.0",
  "lockfileVersion": 1,
  "requires": true,
  "dependencies": {
    "commit-and-pr": {
      "version": "1.0.3",
      "resolved": "https://registry.npmjs.org/commit-and-pr/-/commit-and-pr-1.0.3.tgz",
      "integrity": "sha512-GOL/ALBngCDmlSJg8w2zSkPnJ/U0rvM7EaWSF2Ywf4eAf5t1FKIrMmOd0bfH15syFEdWvVQ9NxyCf1AIRIKQ0Q==",
      "dev": true
    }
  }
}
