{
  "name": "travis-cron-update-example",
  "version": "1.0.0",
  "lockfileVersion": 1,
  "requires": true,
  "dependencies": {
    "commit-and-pr": {
      "version": "github:lupomontero/commit-and-pr#efaaa9970585f72669c18ecc83fa3cc63134492e",
      "from": "github:lupomontero/commit-and-pr",
      "dev": true,
      "requires": {
        "minimist": "^1.2.0"
      }
    },
    "minimist": {
      "version": "1.2.0",
      "resolved": "https://registry.npmjs.org/minimist/-/minimist-1.2.0.tgz",
      "integrity": "sha1-o1AIsg9BOD7sH7kU9M1d95omQoQ=",
      "dev": true
    }
  }
}
